{
  "requires": true,
  "lockfileVersion": 1,
  "dependencies": {
    "lodash.merge": {
      "version": "4.6.0",
      "resolved": "https://registry.npmjs.org/lodash.merge/-/lodash.merge-4.6.0.tgz",
      "integrity": "sha1-aYhLoUSsM/5plzemCG3v+t0PicU="
    },
    "popper.js": {
      "version": "1.12.9",
      "resolved": "https://registry.npmjs.org/popper.js/-/popper.js-1.12.9.tgz",
      "integrity": "sha1-DfvC3/lsRRuzMu3Pz6r1ZtMx1bM="
    },
    "v-tooltip": {
      "version": "2.0.0-rc.25",
      "resolved": "https://registry.npmjs.org/v-tooltip/-/v-tooltip-2.0.0-rc.25.tgz",
      "integrity": "sha512-cqYhvBEpOtC2GXbEIkFh4vjnJViFibDyxK3v/suHDzV93X3g/qFvW1cv1rSa4Utohu8jyEn5Yv4pSdRnTx5/kA==",
      "requires": {
        "lodash.merge": "4.6.0",
        "popper.js": "1.12.9",
        "vue-resize": "0.4.3"
      }
    },
    "vue": {
      "version": "2.5.11",
      "resolved": "https://registry.npmjs.org/vue/-/vue-2.5.11.tgz",
      "integrity": "sha512-FZzUIvJa1jsFSfy6OITgjzoCtnxI8uHkewa2QCCCIgRj7ObsalXKLTf3S5sBP+kyusTctl3fKej+NHoBUCVPlA=="
    },
    "vue-resize": {
      "version": "0.4.3",
      "resolved": "https://registry.npmjs.org/vue-resize/-/vue-resize-0.4.3.tgz",
      "integrity": "sha512-lFEhenRjvyzer6JylQOPltJhI48Fv2IukdGPpvb5fqK7FUGxiiGinSlAkPPdug5DQemFFysjp+8GqQU10oWouA=="
    }
  }
}
