{
  "requires": true,
  "lockfileVersion": 1,
  "dependencies": {
    "autosize": {
      "version": "3.0.21",
      "resolved": "https://registry.npmjs.org/autosize/-/autosize-3.0.21.tgz",
      "integrity": "sha1-8YL0DRd1fZeKE5pMnKQMTA5EhgM="
    },
    "deep-assign": {
      "version": "2.0.0",
      "resolved": "https://registry.npmjs.org/deep-assign/-/deep-assign-2.0.0.tgz",
      "integrity": "sha1-6+BrHwfwja5ZdiDj3RYi83GhxXI=",
      "requires": {
        "is-obj": "1.0.1"
      }
    },
    "fuzzysearch": {
      "version": "1.0.3",
      "resolved": "https://registry.npmjs.org/fuzzysearch/-/fuzzysearch-1.0.3.tgz",
      "integrity": "sha1-3/yA9tawQiPyImqnndGUIxCW0Ag="
    },
    "is-obj": {
      "version": "1.0.1",
      "resolved": "https://registry.npmjs.org/is-obj/-/is-obj-1.0.1.tgz",
      "integrity": "sha1-PkcprB9f3gJc19g6iW2rn09n2w8="
    },
    "keen-ui": {
      "version": "1.0.1",
      "resolved": "https://registry.npmjs.org/keen-ui/-/keen-ui-1.0.1.tgz",
      "integrity": "sha512-C4E4fGQk6V/WiqvSNgpQbnbRN48fi1eV3lMNjJLWlMuqlYl8wpboa0q8aq4Poxk/Ktd9q5jJyYtJFoa3bMJu7g==",
      "requires": {
        "autosize": "3.0.21",
        "deep-assign": "2.0.0",
        "fuzzysearch": "1.0.3",
        "lodash.debounce": "4.0.8",
        "tether-drop": "1.4.2",
        "tether-tooltip": "1.2.0"
      }
    },
    "lodash.debounce": {
      "version": "4.0.8",
      "resolved": "https://registry.npmjs.org/lodash.debounce/-/lodash.debounce-4.0.8.tgz",
      "integrity": "sha1-gteb/zCmfEAF/9XiUVMArZyk168="
    },
    "tether": {
      "version": "1.4.3",
      "resolved": "https://registry.npmjs.org/tether/-/tether-1.4.3.tgz",
      "integrity": "sha512-YCfE/Ym9MpZpzUmzbek7MiLEyTofxx2YS0rJfSOUXX0aZtfQgxcgw7/Re2oGJUsREWZtEF0DzBKCjqH+DzgL6A=="
    },
    "tether-drop": {
      "version": "1.4.2",
      "resolved": "https://registry.npmjs.org/tether-drop/-/tether-drop-1.4.2.tgz",
      "integrity": "sha1-KOJAzOB39K4djlmQoDtx4M1vv+w=",
      "requires": {
        "tether": "1.4.3"
      }
    },
    "tether-tooltip": {
      "version": "1.2.0",
      "resolved": "https://registry.npmjs.org/tether-tooltip/-/tether-tooltip-1.2.0.tgz",
      "integrity": "sha1-CPSXZNX0SHCLURGcn+EZlytNaWI=",
      "requires": {
        "tether": "1.4.3",
        "tether-drop": "1.4.2"
      }
    },
    "vue": {
      "version": "2.5.12",
      "resolved": "https://registry.npmjs.org/vue/-/vue-2.5.12.tgz",
      "integrity": "sha512-ouxtzKv/Y1GlUJlWf3jwvEi6jUs5lJQnDjaNzrHtNET9dpLENmF+cFUmfbO3avWQSzvjMpy6EqNAgLMDvZdyGA=="
    }
  }
}
